// !$*UTF8*$!
{
	archiveVersion = 1;
	classes = {
	};
	objectVersion = 77;
	objects = {

/* Begin PBXContainerItemProxy section */
		42E8A9212E494FD800CA6E6A /* PBXContainerItemProxy */ = {
			isa = PBXContainerItemProxy;
			containerPortal = 42E8A90B2E494FD700CA6E6A /* Project object */;
			proxyType = 1;
			remoteGlobalIDString = 42E8A9122E494FD700CA6E6A;
			remoteInfo = CountBomb;
		};
		42E8A92B2E494FD800CA6E6A /* PBXContainerItemProxy */ = {
			isa = PBXContainerItemProxy;
			containerPortal = 42E8A90B2E494FD700CA6E6A /* Project object */;
			proxyType = 1;
			remoteGlobalIDString = 42E8A9122E494FD700CA6E6A;
			remoteInfo = CountBomb;
		};
/* End PBXContainerItemProxy section */

/* Begin PBXFileReference section */
		42E8A9132E494FD700CA6E6A /* CountBomb.app */ = {isa = PBXFileReference; explicitFileType = wrapper.application; includeInIndex = 0; path = CountBomb.app; sourceTree = BUILT_PRODUCTS_DIR; };
		42E8A9202E494FD800CA6E6A /* CountBombTests.xctest */ = {isa = PBXFileReference; explicitFileType = wrapper.cfbundle; includeInIndex = 0; path = CountBombTests.xctest; sourceTree = BUILT_PRODUCTS_DIR; };
		42E8A92A2E494FD800CA6E6A /* CountBombUITests.xctest */ = {isa = PBXFileReference; explicitFileType = wrapper.cfbundle; includeInIndex = 0; path = CountBombUITests.xctest; sourceTree = BUILT_PRODUCTS_DIR; };
/* End PBXFileReference section */

/* Begin PBXFileSystemSynchronizedRootGroup section */
		42E8A9152E494FD700CA6E6A /* CountBomb */ = {
			isa = PBXFileSystemSynchronizedRootGroup;
			path = CountBomb;
			sourceTree = "<group>";
		};
		42E8A9232E494FD800CA6E6A /* CountBombTests */ = {
			isa = PBXFileSystemSynchronizedRootGroup;
			path = CountBombTests;
			sourceTree = "<group>";
		};
		42E8A92D2E494FD800CA6E6A /* CountBombUITests */ = {
			isa = PBXFileSystemSynchronizedRootGroup;
			path = CountBombUITests;
			sourceTree = "<group>";
		};
/* End PBXFileSystemSynchronizedRootGroup section */

/* Begin PBXFrameworksBuildPhase section */
		42E8A9102E494FD700CA6E6A /* Frameworks */ = {
			isa = PBXFrameworksBuildPhase;
			buildActionMask = 2147483647;
			files = (
			);
			runOnlyForDeploymentPostprocessing = 0;
		};
		42E8A91D2E494FD800CA6E6A /* Frameworks */ = {
			isa = PBXFrameworksBuildPhase;
			buildActionMask = 2147483647;
			files = (
			);
			runOnlyForDeploymentPostprocessing = 0;
		};
		42E8A9272E494FD800CA6E6A /* Frameworks */ = {
			isa = PBXFrameworksBuildPhase;
			buildActionMask = 2147483647;
			files = (
			);
			runOnlyForDeploymentPostprocessing = 0;
		};
/* End PBXFrameworksBuildPhase section */

/* Begin PBXGroup section */
		42E8A90A2E494FD700CA6E6A = {
			isa = PBXGroup;
			children = (
				42E8A9152E494FD700CA6E6A /* CountBomb */,
				42E8A9232E494FD800CA6E6A /* CountBombTests */,
				42E8A92D2E494FD800CA6E6A /* CountBombUITests */,
				42E8A9142E494FD700CA6E6A /* Products */,
			);
			sourceTree = "<group>";
		};
		42E8A9142E494FD700CA6E6A /* Products */ = {
			isa = PBXGroup;
			children = (
				42E8A9132E494FD700CA6E6A /* CountBomb.app */,
				42E8A9202E494FD800CA6E6A /* CountBombTests.xctest */,
				42E8A92A2E494FD800CA6E6A /* CountBombUITests.xctest */,
			);
			name = Products;
			sourceTree = "<group>";
		};
/* End PBXGroup section */

/* Begin PBXNativeTarget section */
		42E8A9122E494FD700CA6E6A /* CountBomb */ = {
			isa = PBXNativeTarget;
			buildConfigurationList = 42E8A9342E494FD800CA6E6A /* Build configuration list for PBXNativeTarget "CountBomb" */;
			buildPhases = (
				42E8A90F2E494FD700CA6E6A /* Sources */,
				42E8A9102E494FD700CA6E6A /* Frameworks */,
				42E8A9112E494FD700CA6E6A /* Resources */,
			);
			buildRules = (
			);
			dependencies = (
			);
			fileSystemSynchronizedGroups = (
				42E8A9152E494FD700CA6E6A /* CountBomb */,
			);
			name = CountBomb;
			packageProductDependencies = (
			);
			productName = CountBomb;
			productReference = 42E8A9132E494FD700CA6E6A /* CountBomb.app */;
			productType = "com.apple.product-type.application";
		};
		42E8A91F2E494FD800CA6E6A /* CountBombTests */ = {
			isa = PBXNativeTarget;
			buildConfigurationList = 42E8A9372E494FD800CA6E6A /* Build configuration list for PBXNativeTarget "CountBombTests" */;
			buildPhases = (
				42E8A91C2E494FD800CA6E6A /* Sources */,
				42E8A91D2E494FD800CA6E6A /* Frameworks */,
				42E8A91E2E494FD800CA6E6A /* Resources */,
			);
			buildRules = (
			);
			dependencies = (
				42E8A9222E494FD800CA6E6A /* PBXTargetDependency */,
			);
			fileSystemSynchronizedGroups = (
				42E8A9232E494FD800CA6E6A /* CountBombTests */,
			);
			name = CountBombTests;
			packageProductDependencies = (
			);
			productName = CountBombTests;
			productReference = 42E8A9202E494FD800CA6E6A /* CountBombTests.xctest */;
			productType = "com.apple.product-type.bundle.unit-test";
		};
		42E8A9292E494FD800CA6E6A /* CountBombUITests */ = {
			isa = PBXNativeTarget;
			buildConfigurationList = 42E8A93A2E494FD800CA6E6A /* Build configuration list for PBXNativeTarget "CountBombUITests" */;
			buildPhases = (
				42E8A9262E494FD800CA6E6A /* Sources */,
				42E8A9272E494FD800CA6E6A /* Frameworks */,
				42E8A9282E494FD800CA6E6A /* Resources */,
			);
			buildRules = (
			);
			dependencies = (
				42E8A92C2E494FD800CA6E6A /* PBXTargetDependency */,
			);
			fileSystemSynchronizedGroups = (
				42E8A92D2E494FD800CA6E6A /* CountBombUITests */,
			);
			name = CountBombUITests;
			packageProductDependencies = (
			);
			productName = CountBombUITests;
			productReference = 42E8A92A2E494FD800CA6E6A /* CountBombUITests.xctest */;
			productType = "com.apple.product-type.bundle.ui-testing";
		};
/* End PBXNativeTarget section */

/* Begin PBXProject section */
		42E8A90B2E494FD700CA6E6A /* Project object */ = {
			isa = PBXProject;
			attributes = {
				BuildIndependentTargetsInParallel = 1;
				LastSwiftUpdateCheck = 1640;
				LastUpgradeCheck = 1640;
				TargetAttributes = {
					42E8A9122E494FD700CA6E6A = {
						CreatedOnToolsVersion = 16.4;
					};
					42E8A91F2E494FD800CA6E6A = {
						CreatedOnToolsVersion = 16.4;
						TestTargetID = 42E8A9122E494FD700CA6E6A;
					};
					42E8A9292E494FD800CA6E6A = {
						CreatedOnToolsVersion = 16.4;
						TestTargetID = 42E8A9122E494FD700CA6E6A;
					};
				};
			};
			buildConfigurationList = 42E8A90E2E494FD700CA6E6A /* Build configuration list for PBXProject "CountBomb" */;
			developmentRegion = en;
			hasScannedForEncodings = 0;
			knownRegions = (
				en,
				Base,
			);
			mainGroup = 42E8A90A2E494FD700CA6E6A;
			minimizedProjectReferenceProxies = 1;
			preferredProjectObjectVersion = 77;
			productRefGroup = 42E8A9142E494FD700CA6E6A /* Products */;
			projectDirPath = "";
			projectRoot = "";
			targets = (
				42E8A9122E494FD700CA6E6A /* CountBomb */,
				42E8A91F2E494FD800CA6E6A /* CountBombTests */,
				42E8A9292E494FD800CA6E6A /* CountBombUITests */,
			);
		};
/* End PBXProject section */

/* Begin PBXResourcesBuildPhase section */
		42E8A9112E494FD700CA6E6A /* Resources */ = {
			isa = PBXResourcesBuildPhase;
			buildActionMask = 2147483647;
			files = (
			);
			runOnlyForDeploymentPostprocessing = 0;
		};
		42E8A91E2E494FD800CA6E6A /* Resources */ = {
			isa = PBXResourcesBuildPhase;
			buildActionMask = 2147483647;
			files = (
			);
			runOnlyForDeploymentPostprocessing = 0;
		};
		42E8A9282E494FD800CA6E6A /* Resources */ = {
			isa = PBXResourcesBuildPhase;
			buildActionMask = 2147483647;
			files = (
			);
			runOnlyForDeploymentPostprocessing = 0;
		};
/* End PBXResourcesBuildPhase section */

/* Begin PBXSourcesBuildPhase section */
		42E8A90F2E494FD700CA6E6A /* Sources */ = {
			isa = PBXSourcesBuildPhase;
			buildActionMask = 2147483647;
			files = (
			);
			runOnlyForDeploymentPostprocessing = 0;
		};
		42E8A91C2E494FD800CA6E6A /* Sources */ = {
			isa = PBXSourcesBuildPhase;
			buildActionMask = 2147483647;
			files = (
			);
			runOnlyForDeploymentPostprocessing = 0;
		};
		42E8A9262E494FD800CA6E6A /* Sources */ = {
			isa = PBXSourcesBuildPhase;
			buildActionMask = 2147483647;
			files = (
			);
			runOnlyForDeploymentPostprocessing = 0;
		};
/* End PBXSourcesBuildPhase section */

/* Begin PBXTargetDependency section */
		42E8A9222E494FD800CA6E6A /* PBXTargetDependency */ = {
			isa = PBXTargetDependency;
			target = 42E8A9122E494FD700CA6E6A /* CountBomb */;
			targetProxy = 42E8A9212E494FD800CA6E6A /* PBXContainerItemProxy */;
		};
		42E8A92C2E494FD800CA6E6A /* PBXTargetDependency */ = {
			isa = PBXTargetDependency;
			target = 42E8A9122E494FD700CA6E6A /* CountBomb */;
			targetProxy = 42E8A92B2E494FD800CA6E6A /* PBXContainerItemProxy */;
		};
/* End PBXTargetDependency section */

/* Begin XCBuildConfiguration section */
		42E8A9322E494FD800CA6E6A /* Debug */ = {
			isa = XCBuildConfiguration;
			buildSettings = {
				ALWAYS_SEARCH_USER_PATHS = NO;
				ASSETCATALOG_COMPILER_GENERATE_SWIFT_ASSET_SYMBOL_EXTENSIONS = YES;
				CLANG_ANALYZER_NONNULL = YES;
				CLANG_ANALYZER_NUMBER_OBJECT_CONVERSION = YES_AGGRESSIVE;
				CLANG_CXX_LANGUAGE_STANDARD = "gnu++20";
				CLANG_ENABLE_MODULES = YES;
				CLANG_ENABLE_OBJC_ARC = YES;
				CLANG_ENABLE_OBJC_WEAK = YES;
				CLANG_WARN_BLOCK_CAPTURE_AUTORELEASING = YES;
				CLANG_WARN_BOOL_CONVERSION = YES;
				CLANG_WARN_COMMA = YES;
				CLANG_WARN_CONSTANT_CONVERSION = YES;
				CLANG_WARN_DEPRECATED_OBJC_IMPLEMENTATIONS = YES;
				CLANG_WARN_DIRECT_OBJC_ISA_USAGE = YES_ERROR;
				CLANG_WARN_DOCUMENTATION_COMMENTS = YES;
				CLANG_WARN_EMPTY_BODY = YES;
				CLANG_WARN_ENUM_CONVERSION = YES;
				CLANG_WARN_INFINITE_RECURSION = YES;
				CLANG_WARN_INT_CONVERSION = YES;
				CLANG_WARN_NON_LITERAL_NULL_CONVERSION = YES;
				CLANG_WARN_OBJC_IMPLICIT_RETAIN_SELF = YES;
				CLANG_WARN_OBJC_LITERAL_CONVERSION = YES;
				CLANG_WARN_OBJC_ROOT_CLASS = YES_ERROR;
				CLANG_WARN_QUOTED_INCLUDE_IN_FRAMEWORK_HEADER = YES;
				CLANG_WARN_RANGE_LOOP_ANALYSIS = YES;
				CLANG_WARN_STRICT_PROTOTYPES = YES;
				CLANG_WARN_SUSPICIOUS_MOVE = YES;
				CLANG_WARN_UNGUARDED_AVAILABILITY = YES_AGGRESSIVE;
				CLANG_WARN_UNREACHABLE_CODE = YES;
				CLANG_WARN__DUPLICATE_METHOD_MATCH = YES;
				COPY_PHASE_STRIP = NO;
				DEBUG_INFORMATION_FORMAT = dwarf;
				ENABLE_STRICT_OBJC_MSGSEND = YES;
				ENABLE_TESTABILITY = YES;
				ENABLE_USER_SCRIPT_SANDBOXING = YES;
				GCC_C_LANGUAGE_STANDARD = gnu17;
				GCC_DYNAMIC_NO_PIC = NO;
				GCC_NO_COMMON_BLOCKS = YES;
				GCC_OPTIMIZATION_LEVEL = 0;
				GCC_PREPROCESSOR_DEFINITIONS = (
					"DEBUG=1",
					"$(inherited)",
				);
				GCC_WARN_64_TO_32_BIT_CONVERSION = YES;
				GCC_WARN_ABOUT_RETURN_TYPE = YES_ERROR;
				GCC_WARN_UNDECLARED_SELECTOR = YES;
				GCC_WARN_UNINITIALIZED_AUTOS = YES_AGGRESSIVE;
				GCC_WARN_UNUSED_FUNCTION = YES;
				GCC_WARN_UNUSED_VARIABLE = YES;
				IPHONEOS_DEPLOYMENT_TARGET = 18.5;
				LOCALIZATION_PREFERS_STRING_CATALOGS = YES;
				MTL_ENABLE_DEBUG_INFO = INCLUDE_SOURCE;
				MTL_FAST_MATH = YES;
				ONLY_ACTIVE_ARCH = YES;
				SDKROOT = iphoneos;
				SWIFT_ACTIVE_COMPILATION_CONDITIONS = "DEBUG $(inherited)";
				SWIFT_OPTIMIZATION_LEVEL = "-Onone";
			};
			name = Debug;
		};
		42E8A9332E494FD800CA6E6A /* Release */ = {
			isa = XCBuildConfiguration;
			buildSettings = {
				ALWAYS_SEARCH_USER_PATHS = NO;
				ASSETCATALOG_COMPILER_GENERATE_SWIFT_ASSET_SYMBOL_EXTENSIONS = YES;
				CLANG_ANALYZER_NONNULL = YES;
				CLANG_ANALYZER_NUMBER_OBJECT_CONVERSION = YES_AGGRESSIVE;
				CLANG_CXX_LANGUAGE_STANDARD = "gnu++20";
				CLANG_ENABLE_MODULES = YES;
				CLANG_ENABLE_OBJC_ARC = YES;
				CLANG_ENABLE_OBJC_WEAK = YES;
				CLANG_WARN_BLOCK_CAPTURE_AUTORELEASING = YES;
				CLANG_WARN_BOOL_CONVERSION = YES;
				CLANG_WARN_COMMA = YES;
				CLANG_WARN_CONSTANT_CONVERSION = YES;
				CLANG_WARN_DEPRECATED_OBJC_IMPLEMENTATIONS = YES;
				CLANG_WARN_DIRECT_OBJC_ISA_USAGE = YES_ERROR;
				CLANG_WARN_DOCUMENTATION_COMMENTS = YES;
				CLANG_WARN_EMPTY_BODY = YES;
				CLANG_WARN_ENUM_CONVERSION = YES;
				CLANG_WARN_INFINITE_RECURSION = YES;
				CLANG_WARN_INT_CONVERSION = YES;
				CLANG_WARN_NON_LITERAL_NULL_CONVERSION = YES;
				CLANG_WARN_OBJC_IMPLICIT_RETAIN_SELF = YES;
				CLANG_WARN_OBJC_LITERAL_CONVERSION = YES;
				CLANG_WARN_OBJC_ROOT_CLASS = YES_ERROR;
				CLANG_WARN_QUOTED_INCLUDE_IN_FRAMEWORK_HEADER = YES;
				CLANG_WARN_RANGE_LOOP_ANALYSIS = YES;
				CLANG_WARN_STRICT_PROTOTYPES = YES;
				CLANG_WARN_SUSPICIOUS_MOVE = YES;
				CLANG_WARN_UNGUARDED_AVAILABILITY = YES_AGGRESSIVE;
				CLANG_WARN_UNREACHABLE_CODE = YES;
				CLANG_WARN__DUPLICATE_METHOD_MATCH = YES;
				COPY_PHASE_STRIP = NO;
				DEBUG_INFORMATION_FORMAT = "dwarf-with-dsym";
				ENABLE_NS_ASSERTIONS = NO;
				ENABLE_STRICT_OBJC_MSGSEND = YES;
				ENABLE_USER_SCRIPT_SANDBOXING = YES;
				GCC_C_LANGUAGE_STANDARD = gnu17;
				GCC_NO_COMMON_BLOCKS = YES;
				GCC_WARN_64_TO_32_BIT_CONVERSION = YES;
				GCC_WARN_ABOUT_RETURN_TYPE = YES_ERROR;
				GCC_WARN_UNDECLARED_SELECTOR = YES;
				GCC_WARN_UNINITIALIZED_AUTOS = YES_AGGRESSIVE;
				GCC_WARN_UNUSED_FUNCTION = YES;
				GCC_WARN_UNUSED_VARIABLE = YES;
				IPHONEOS_DEPLOYMENT_TARGET = 18.5;
				LOCALIZATION_PREFERS_STRING_CATALOGS = YES;
				MTL_ENABLE_DEBUG_INFO = NO;
				MTL_FAST_MATH = YES;
				SDKROOT = iphoneos;
				SWIFT_COMPILATION_MODE = wholemodule;
				VALIDATE_PRODUCT = YES;
			};
			name = Release;
		};
		42E8A9352E494FD800CA6E6A /* Debug */ = {
			isa = XCBuildConfiguration;
			buildSettings = {
				ASSETCATALOG_COMPILER_APPICON_NAME = AppIcon;
				ASSETCATALOG_COMPILER_GLOBAL_ACCENT_COLOR_NAME = AccentColor;
				CODE_SIGN_STYLE = Automatic;
				CURRENT_PROJECT_VERSION = 1;
				ENABLE_PREVIEWS = YES;
				GENERATE_INFOPLIST_FILE = YES;
				INFOPLIST_KEY_UIApplicationSceneManifest_Generation = YES;
				INFOPLIST_KEY_UIApplicationSupportsIndirectInputEvents = YES;
				INFOPLIST_KEY_UILaunchScreen_Generation = YES;
				INFOPLIST_KEY_UISupportedInterfaceOrientations_iPad = "UIInterfaceOrientationPortrait UIInterfaceOrientationPortraitUpsideDown UIInterfaceOrientationLandscapeLeft UIInterfaceOrientationLandscapeRight";
				INFOPLIST_KEY_UISupportedInterfaceOrientations_iPhone = "UIInterfaceOrientationPortrait UIInterfaceOrientationLandscapeLeft UIInterfaceOrientationLandscapeRight";
				LD_RUNPATH_SEARCH_PATHS = (
					"$(inherited)",
					"@executable_path/Frameworks",
				);
				MARKETING_VERSION = 1.0;
				PRODUCT_BUNDLE_IDENTIFIER = app.Suzuki.Aosuke.CountBomb;
				PRODUCT_NAME = "$(TARGET_NAME)";
				SWIFT_EMIT_LOC_STRINGS = YES;
				SWIFT_VERSION = 5.0;
				TARGETED_DEVICE_FAMILY = "1,2";
			};
			name = Debug;
		};
		42E8A9362E494FD800CA6E6A /* Release */ = {
			isa = XCBuildConfiguration;
			buildSettings = {
				ASSETCATALOG_COMPILER_APPICON_NAME = AppIcon;
				ASSETCATALOG_COMPILER_GLOBAL_ACCENT_COLOR_NAME = AccentColor;
				CODE_SIGN_STYLE = Automatic;
				CURRENT_PROJECT_VERSION = 1;
				ENABLE_PREVIEWS = YES;
				GENERATE_INFOPLIST_FILE = YES;
				INFOPLIST_KEY_UIApplicationSceneManifest_Generation = YES;
				INFOPLIST_KEY_UIApplicationSupportsIndirectInputEvents = YES;
				INFOPLIST_KEY_UILaunchScreen_Generation = YES;
				INFOPLIST_KEY_UISupportedInterfaceOrientations_iPad = "UIInterfaceOrientationPortrait UIInterfaceOrientationPortraitUpsideDown UIInterfaceOrientationLandscapeLeft UIInterfaceOrientationLandscapeRight";
				INFOPLIST_KEY_UISupportedInterfaceOrientations_iPhone = "UIInterfaceOrientationPortrait UIInterfaceOrientationLandscapeLeft UIInterfaceOrientationLandscapeRight";
				LD_RUNPATH_SEARCH_PATHS = (
					"$(inherited)",
					"@executable_path/Frameworks",
				);
				MARKETING_VERSION = 1.0;
				PRODUCT_BUNDLE_IDENTIFIER = app.Suzuki.Aosuke.CountBomb;
				PRODUCT_NAME = "$(TARGET_NAME)";
				SWIFT_EMIT_LOC_STRINGS = YES;
				SWIFT_VERSION = 5.0;
				TARGETED_DEVICE_FAMILY = "1,2";
			};
			name = Release;
		};
		42E8A9382E494FD800CA6E6A /* Debug */ = {
			isa = XCBuildConfiguration;
			buildSettings = {
				BUNDLE_LOADER = "$(TEST_HOST)";
				CODE_SIGN_STYLE = Automatic;
				CURRENT_PROJECT_VERSION = 1;
				GENERATE_INFOPLIST_FILE = YES;
				IPHONEOS_DEPLOYMENT_TARGET = 18.5;
				MARKETING_VERSION = 1.0;
				PRODUCT_BUNDLE_IDENTIFIER = app.Suzuki.Aosuke.CountBombTests;
				PRODUCT_NAME = "$(TARGET_NAME)";
				SWIFT_EMIT_LOC_STRINGS = NO;
				SWIFT_VERSION = 5.0;
				TARGETED_DEVICE_FAMILY = "1,2";
				TEST_HOST = "$(BUILT_PRODUCTS_DIR)/CountBomb.app/$(BUNDLE_EXECUTABLE_FOLDER_PATH)/CountBomb";
			};
			name = Debug;
		};
		42E8A9392E494FD800CA6E6A /* Release */ = {
			isa = XCBuildConfiguration;
			buildSettings = {
				BUNDLE_LOADER = "$(TEST_HOST)";
				CODE_SIGN_STYLE = Automatic;
				CURRENT_PROJECT_VERSION = 1;
				GENERATE_INFOPLIST_FILE = YES;
				IPHONEOS_DEPLOYMENT_TARGET = 18.5;
				MARKETING_VERSION = 1.0;
				PRODUCT_BUNDLE_IDENTIFIER = app.Suzuki.Aosuke.CountBombTests;
				PRODUCT_NAME = "$(TARGET_NAME)";
				SWIFT_EMIT_LOC_STRINGS = NO;
				SWIFT_VERSION = 5.0;
				TARGETED_DEVICE_FAMILY = "1,2";
				TEST_HOST = "$(BUILT_PRODUCTS_DIR)/CountBomb.app/$(BUNDLE_EXECUTABLE_FOLDER_PATH)/CountBomb";
			};
			name = Release;
		};
		42E8A93B2E494FD800CA6E6A /* Debug */ = {
			isa = XCBuildConfiguration;
			buildSettings = {
				CODE_SIGN_STYLE = Automatic;
				CURRENT_PROJECT_VERSION = 1;
				GENERATE_INFOPLIST_FILE = YES;
				MARKETING_VERSION = 1.0;
				PRODUCT_BUNDLE_IDENTIFIER = app.Suzuki.Aosuke.CountBombUITests;
				PRODUCT_NAME = "$(TARGET_NAME)";
				SWIFT_EMIT_LOC_STRINGS = NO;
				SWIFT_VERSION = 5.0;
				TARGETED_DEVICE_FAMILY = "1,2";
				TEST_TARGET_NAME = CountBomb;
			};
			name = Debug;
		};
		42E8A93C2E494FD800CA6E6A /* Release */ = {
			isa = XCBuildConfiguration;
			buildSettings = {
				CODE_SIGN_STYLE = Automatic;
				CURRENT_PROJECT_VERSION = 1;
				GENERATE_INFOPLIST_FILE = YES;
				MARKETING_VERSION = 1.0;
				PRODUCT_BUNDLE_IDENTIFIER = app.Suzuki.Aosuke.CountBombUITests;
				PRODUCT_NAME = "$(TARGET_NAME)";
				SWIFT_EMIT_LOC_STRINGS = NO;
				SWIFT_VERSION = 5.0;
				TARGETED_DEVICE_FAMILY = "1,2";
				TEST_TARGET_NAME = CountBomb;
			};
			name = Release;
		};
/* End XCBuildConfiguration section */

/* Begin XCConfigurationList section */
		42E8A90E2E494FD700CA6E6A /* Build configuration list for PBXProject "CountBomb" */ = {
			isa = XCConfigurationList;
			buildConfigurations = (
				42E8A9322E494FD800CA6E6A /* Debug */,
				42E8A9332E494FD800CA6E6A /* Release */,
			);
			defaultConfigurationIsVisible = 0;
			defaultConfigurationName = Release;
		};
		42E8A9342E494FD800CA6E6A /* Build configuration list for PBXNativeTarget "CountBomb" */ = {
			isa = XCConfigurationList;
			buildConfigurations = (
				42E8A9352E494FD800CA6E6A /* Debug */,
				42E8A9362E494FD800CA6E6A /* Release */,
			);
			defaultConfigurationIsVisible = 0;
			defaultConfigurationName = Release;
		};
		42E8A9372E494FD800CA6E6A /* Build configuration list for PBXNativeTarget "CountBombTests" */ = {
			isa = XCConfigurationList;
			buildConfigurations = (
				42E8A9382E494FD800CA6E6A /* Debug */,
				42E8A9392E494FD800CA6E6A /* Release */,
			);
			defaultConfigurationIsVisible = 0;
			defaultConfigurationName = Release;
		};
		42E8A93A2E494FD800CA6E6A /* Build configuration list for PBXNativeTarget "CountBombUITests" */ = {
			isa = XCConfigurationList;
			buildConfigurations = (
				42E8A93B2E494FD800CA6E6A /* Debug */,
				42E8A93C2E494FD800CA6E6A /* Release */,
			);
			defaultConfigurationIsVisible = 0;
			defaultConfigurationName = Release;
		};
/* End XCConfigurationList section */
	};
	rootObject = 42E8A90B2E494FD700CA6E6A /* Project object */;
}
